
Microsoft Visual Studio Solution File, Format Version 12.00
# Visual Studio Version 17
VisualStudioVersion = 17.4.33403.182
MinimumVisualStudioVersion = 10.0.40219.1
Project("{FAE04EC0-301F-11D3-BF4B-00C04F79EFBC}") = "MMU_SYS", "MMU_SYS.csproj", "{14BD693A-C59C-4BA5-AFD9-8550664A6312}"
EndProject
Global
	GlobalSection(SolutionConfigurationPlatforms) = preSolution
		Debug|Any CPU = Debug|Any CPU
		Release|Any CPU = Release|Any CPU
	EndGlobalSection
	GlobalSection(ProjectConfigurationPlatforms) = postSolution
		{14BD693A-C59C-4BA5-AFD9-8550664A6312}.Debug|Any CPU.ActiveCfg = Debug|Any CPU
		{14BD693A-C59C-4BA5-AFD9-8550664A6312}.Debug|Any CPU.Build.0 = Debug|Any CPU
		{14BD693A-C59C-4BA5-AFD9-8550664A6312}.Release|Any CPU.ActiveCfg = Release|Any CPU
		{14BD693A-C59C-4BA5-AFD9-8550664A6312}.Release|Any CPU.Build.0 = Release|Any CPU
	EndGlobalSection
	GlobalSection(SolutionProperties) = preSolution
		HideSolutionNode = FALSE
	EndGlobalSection
	GlobalSection(ExtensibilityGlobals) = postSolution
		SolutionGuid = {C288D277-4778-4442-9A32-C60FDAAD0CDA}
	EndGlobalSection
EndGlobal
